
Microsoft Visual Studio Solution File, Format Version 12.00
# Visual Studio Version 17
VisualStudioVersion = 17.9.34723.18
MinimumVisualStudioVersion = 10.0.40219.1
Project("{9A19103F-16F7-4668-BE54-9A1E7A4F7556}") = "UtilityTracking", "UtilityTracking\UtilityTracking.csproj", "{D10EF5F5-AAEF-4508-A05A-39D6C6630426}"
EndProject
Project("{2150E333-8FDC-42A3-9474-1A3956D46DE8}") = "Solution Items", "Solution Items", "{65908269-3898-4806-A50E-4E01664B40AE}"
	ProjectSection(SolutionItems) = preProject
		readme.md = readme.md
	EndProjectSection
EndProject
Global
	GlobalSection(SolutionConfigurationPlatforms) = preSolution
		Debug|Any CPU = Debug|Any CPU
		Release|Any CPU = Release|Any CPU
	EndGlobalSection
	GlobalSection(ProjectConfigurationPlatforms) = postSolution
		{D10EF5F5-AAEF-4508-A05A-39D6C6630426}.Debug|Any CPU.ActiveCfg = Debug|Any CPU
		{D10EF5F5-AAEF-4508-A05A-39D6C6630426}.Debug|Any CPU.Build.0 = Debug|Any CPU
		{D10EF5F5-AAEF-4508-A05A-39D6C6630426}.Release|Any CPU.ActiveCfg = Release|Any CPU
		{D10EF5F5-AAEF-4508-A05A-39D6C6630426}.Release|Any CPU.Build.0 = Release|Any CPU
	EndGlobalSection
	GlobalSection(SolutionProperties) = preSolution
		HideSolutionNode = FALSE
	EndGlobalSection
	GlobalSection(ExtensibilityGlobals) = postSolution
		SolutionGuid = {9E6B6A11-F58E-4563-879F-34D4903906D5}
	EndGlobalSection
EndGlobal
